
Microsoft Visual Studio Solution File, Format Version 12.00
# Visual Studio Version 17
VisualStudioVersion = 17.10.35013.160
MinimumVisualStudioVersion = 10.0.40219.1
Project("{FAE04EC0-301F-11D3-BF4B-00C04F79EFBC}") = "NuExt.System.Benchmarks", "benchmarks\NuExt.System.Benchmarks.csproj", "{D3213D5D-641C-4F1E-A7AF-AD0A7D65912A}"
EndProject
Project("{9A19103F-16F7-4668-BE54-9A1E7A4F7556}") = "NuExt.System", "src\NuExt.System.csproj", "{9EC94C6E-6527-45DD-9186-D6B56932FA40}"
EndProject
Project("{9A19103F-16F7-4668-BE54-9A1E7A4F7556}") = "NuExt.System.Tests", "tests\NuExt.System.Tests.csproj", "{2FF6D27F-15A2-4043-A257-5CEA529BA71E}"
EndProject
Global
	GlobalSection(SolutionConfigurationPlatforms) = preSolution
		Debug|Any CPU = Debug|Any CPU
		Release|Any CPU = Release|Any CPU
	EndGlobalSection
	GlobalSection(ProjectConfigurationPlatforms) = postSolution
		{D3213D5D-641C-4F1E-A7AF-AD0A7D65912A}.Debug|Any CPU.ActiveCfg = Debug|Any CPU
		{D3213D5D-641C-4F1E-A7AF-AD0A7D65912A}.Debug|Any CPU.Build.0 = Debug|Any CPU
		{D3213D5D-641C-4F1E-A7AF-AD0A7D65912A}.Release|Any CPU.ActiveCfg = Release|Any CPU
		{D3213D5D-641C-4F1E-A7AF-AD0A7D65912A}.Release|Any CPU.Build.0 = Release|Any CPU
		{9EC94C6E-6527-45DD-9186-D6B56932FA40}.Debug|Any CPU.ActiveCfg = Debug|Any CPU
		{9EC94C6E-6527-45DD-9186-D6B56932FA40}.Debug|Any CPU.Build.0 = Debug|Any CPU
		{9EC94C6E-6527-45DD-9186-D6B56932FA40}.Release|Any CPU.ActiveCfg = Release|Any CPU
		{9EC94C6E-6527-45DD-9186-D6B56932FA40}.Release|Any CPU.Build.0 = Release|Any CPU
		{2FF6D27F-15A2-4043-A257-5CEA529BA71E}.Debug|Any CPU.ActiveCfg = Debug|Any CPU
		{2FF6D27F-15A2-4043-A257-5CEA529BA71E}.Debug|Any CPU.Build.0 = Debug|Any CPU
		{2FF6D27F-15A2-4043-A257-5CEA529BA71E}.Release|Any CPU.ActiveCfg = Release|Any CPU
		{2FF6D27F-15A2-4043-A257-5CEA529BA71E}.Release|Any CPU.Build.0 = Release|Any CPU
	EndGlobalSection
	GlobalSection(SolutionProperties) = preSolution
		HideSolutionNode = FALSE
	EndGlobalSection
	GlobalSection(ExtensibilityGlobals) = postSolution
		SolutionGuid = {15C44282-33C0-493D-A63A-8677C40D8841}
	EndGlobalSection
EndGlobal
